// !$*UTF8*$!
{
	archiveVersion = 1;
	classes = {
	};
	objectVersion = 48;
	objects = {

/* Begin PBXBuildFile section */
		1FFAEB321FA756E000FB3BA2 /* AppDelegate.swift in Sources */ = {isa = PBXBuildFile; fileRef = 1FFAEB311FA756E000FB3BA2 /* AppDelegate.swift */; };
		1FFAEB371FA756E000FB3BA2 /* Main.storyboard in Resources */ = {isa = PBXBuildFile; fileRef = 1FFAEB351FA756E000FB3BA2 /* Main.storyboard */; };
		1FFAEB391FA756E000FB3BA2 /* Assets.xcassets in Resources */ = {isa = PBXBuildFile; fileRef = 1FFAEB381FA756E000FB3BA2 /* Assets.xcassets */; };
		1FFAEB3C1FA756E000FB3BA2 /* LaunchScreen.storyboard in Resources */ = {isa = PBXBuildFile; fileRef = 1FFAEB3A1FA756E000FB3BA2 /* LaunchScreen.storyboard */; };
		1FFAEB471FA756E000FB3BA2 /* blinkappTests.swift in Sources */ = {isa = PBXBuildFile; fileRef = 1FFAEB461FA756E000FB3BA2 /* blinkappTests.swift */; };
		1FFAEB521FA756E100FB3BA2 /* blinkappUITests.swift in Sources */ = {isa = PBXBuildFile; fileRef = 1FFAEB511FA756E100FB3BA2 /* blinkappUITests.swift */; };
		1FFAEB601FA7600A00FB3BA2 /* MainViewController.swift in Sources */ = {isa = PBXBuildFile; fileRef = 1FFAEB5F1FA7600A00FB3BA2 /* MainViewController.swift */; };
		1FFAEB621FA7601100FB3BA2 /* GamingViewController.swift in Sources */ = {isa = PBXBuildFile; fileRef = 1FFAEB611FA7601100FB3BA2 /* GamingViewController.swift */; };
		1FFAEB641FA7602900FB3BA2 /* GameResultViewController.swift in Sources */ = {isa = PBXBuildFile; fileRef = 1FFAEB631FA7602900FB3BA2 /* GameResultViewController.swift */; };
/* End PBXBuildFile section */

/* Begin PBXContainerItemProxy section */
		1FFAEB431FA756E000FB3BA2 /* PBXContainerItemProxy */ = {
			isa = PBXContainerItemProxy;
			containerPortal = 1FFAEB261FA756E000FB3BA2 /* Project object */;
			proxyType = 1;
			remoteGlobalIDString = 1FFAEB2D1FA756E000FB3BA2;
			remoteInfo = blinkapp;
		};
		1FFAEB4E1FA756E100FB3BA2 /* PBXContainerItemProxy */ = {
			isa = PBXContainerItemProxy;
			containerPortal = 1FFAEB261FA756E000FB3BA2 /* Project object */;
			proxyType = 1;
			remoteGlobalIDString = 1FFAEB2D1FA756E000FB3BA2;
			remoteInfo = blinkapp;
		};
/* End PBXContainerItemProxy section */

/* Begin PBXFileReference section */
		1FFAEB2E1FA756E000FB3BA2 /* blinkapp.app */ = {isa = PBXFileReference; explicitFileType = wrapper.application; includeInIndex = 0; path = blinkapp.app; sourceTree = BUILT_PRODUCTS_DIR; };
		1FFAEB311FA756E000FB3BA2 /* AppDelegate.swift */ = {isa = PBXFileReference; lastKnownFileType = sourcecode.swift; path = AppDelegate.swift; sourceTree = "<group>"; };
		1FFAEB361FA756E000FB3BA2 /* Base */ = {isa = PBXFileReference; lastKnownFileType = file.storyboard; name = Base; path = Base.lproj/Main.storyboard; sourceTree = "<group>"; };
		1FFAEB381FA756E000FB3BA2 /* Assets.xcassets */ = {isa = PBXFileReference; lastKnownFileType = folder.assetcatalog; path = Assets.xcassets; sourceTree = "<group>"; };
		1FFAEB3B1FA756E000FB3BA2 /* Base */ = {isa = PBXFileReference; lastKnownFileType = file.storyboard; name = Base; path = Base.lproj/LaunchScreen.storyboard; sourceTree = "<group>"; };
		1FFAEB3D1FA756E000FB3BA2 /* Info.plist */ = {isa = PBXFileReference; lastKnownFileType = text.plist.xml; path = Info.plist; sourceTree = "<group>"; };
		1FFAEB421FA756E000FB3BA2 /* blinkappTests.xctest */ = {isa = PBXFileReference; explicitFileType = wrapper.cfbundle; includeInIndex = 0; path = blinkappTests.xctest; sourceTree = BUILT_PRODUCTS_DIR; };
		1FFAEB461FA756E000FB3BA2 /* blinkappTests.swift */ = {isa = PBXFileReference; lastKnownFileType = sourcecode.swift; path = blinkappTests.swift; sourceTree = "<group>"; };
		1FFAEB481FA756E100FB3BA2 /* Info.plist */ = {isa = PBXFileReference; lastKnownFileType = text.plist.xml; path = Info.plist; sourceTree = "<group>"; };
		1FFAEB4D1FA756E100FB3BA2 /* blinkappUITests.xctest */ = {isa = PBXFileReference; explicitFileType = wrapper.cfbundle; includeInIndex = 0; path = blinkappUITests.xctest; sourceTree = BUILT_PRODUCTS_DIR; };
		1FFAEB511FA756E100FB3BA2 /* blinkappUITests.swift */ = {isa = PBXFileReference; lastKnownFileType = sourcecode.swift; path = blinkappUITests.swift; sourceTree = "<group>"; };
		1FFAEB531FA756E100FB3BA2 /* Info.plist */ = {isa = PBXFileReference; lastKnownFileType = text.plist.xml; path = Info.plist; sourceTree = "<group>"; };
		1FFAEB5F1FA7600A00FB3BA2 /* MainViewController.swift */ = {isa = PBXFileReference; lastKnownFileType = sourcecode.swift; path = MainViewController.swift; sourceTree = "<group>"; };
		1FFAEB611FA7601100FB3BA2 /* GamingViewController.swift */ = {isa = PBXFileReference; lastKnownFileType = sourcecode.swift; path = GamingViewController.swift; sourceTree = "<group>"; };
		1FFAEB631FA7602900FB3BA2 /* GameResultViewController.swift */ = {isa = PBXFileReference; lastKnownFileType = sourcecode.swift; path = GameResultViewController.swift; sourceTree = "<group>"; };
/* End PBXFileReference section */

/* Begin PBXFrameworksBuildPhase section */
		1FFAEB2B1FA756E000FB3BA2 /* Frameworks */ = {
			isa = PBXFrameworksBuildPhase;
			buildActionMask = 2147483647;
			files = (
			);
			runOnlyForDeploymentPostprocessing = 0;
		};
		1FFAEB3F1FA756E000FB3BA2 /* Frameworks */ = {
			isa = PBXFrameworksBuildPhase;
			buildActionMask = 2147483647;
			files = (
			);
			runOnlyForDeploymentPostprocessing = 0;
		};
		1FFAEB4A1FA756E100FB3BA2 /* Frameworks */ = {
			isa = PBXFrameworksBuildPhase;
			buildActionMask = 2147483647;
			files = (
			);
			runOnlyForDeploymentPostprocessing = 0;
		};
/* End PBXFrameworksBuildPhase section */

/* Begin PBXGroup section */
		1FFAEB251FA756E000FB3BA2 = {
			isa = PBXGroup;
			children = (
				1FFAEB301FA756E000FB3BA2 /* blinkapp */,
				1FFAEB451FA756E000FB3BA2 /* blinkappTests */,
				1FFAEB501FA756E100FB3BA2 /* blinkappUITests */,
				1FFAEB2F1FA756E000FB3BA2 /* Products */,
			);
			sourceTree = "<group>";
		};
		1FFAEB2F1FA756E000FB3BA2 /* Products */ = {
			isa = PBXGroup;
			children = (
				1FFAEB2E1FA756E000FB3BA2 /* blinkapp.app */,
				1FFAEB421FA756E000FB3BA2 /* blinkappTests.xctest */,
				1FFAEB4D1FA756E100FB3BA2 /* blinkappUITests.xctest */,
			);
			name = Products;
			sourceTree = "<group>";
		};
		1FFAEB301FA756E000FB3BA2 /* blinkapp */ = {
			isa = PBXGroup;
			children = (
				1FFAEB311FA756E000FB3BA2 /* AppDelegate.swift */,
				1FFAEB5F1FA7600A00FB3BA2 /* MainViewController.swift */,
				1FFAEB611FA7601100FB3BA2 /* GamingViewController.swift */,
				1FFAEB631FA7602900FB3BA2 /* GameResultViewController.swift */,
				1FFAEB351FA756E000FB3BA2 /* Main.storyboard */,
				1FFAEB381FA756E000FB3BA2 /* Assets.xcassets */,
				1FFAEB3A1FA756E000FB3BA2 /* LaunchScreen.storyboard */,
				1FFAEB3D1FA756E000FB3BA2 /* Info.plist */,
			);
			path = blinkapp;
			sourceTree = "<group>";
		};
		1FFAEB451FA756E000FB3BA2 /* blinkappTests */ = {
			isa = PBXGroup;
			children = (
				1FFAEB461FA756E000FB3BA2 /* blinkappTests.swift */,
				1FFAEB481FA756E100FB3BA2 /* Info.plist */,
			);
			path = blinkappTests;
			sourceTree = "<group>";
		};
		1FFAEB501FA756E100FB3BA2 /* blinkappUITests */ = {
			isa = PBXGroup;
			children = (
				1FFAEB511FA756E100FB3BA2 /* blinkappUITests.swift */,
				1FFAEB531FA756E100FB3BA2 /* Info.plist */,
			);
			path = blinkappUITests;
			sourceTree = "<group>";
		};
/* End PBXGroup section */

/* Begin PBXNativeTarget section */
		1FFAEB2D1FA756E000FB3BA2 /* blinkapp */ = {
			isa = PBXNativeTarget;
			buildConfigurationList = 1FFAEB561FA756E100FB3BA2 /* Build configuration list for PBXNativeTarget "blinkapp" */;
			buildPhases = (
				1FFAEB2A1FA756E000FB3BA2 /* Sources */,
				1FFAEB2B1FA756E000FB3BA2 /* Frameworks */,
				1FFAEB2C1FA756E000FB3BA2 /* Resources */,
			);
			buildRules = (
			);
			dependencies = (
			);
			name = blinkapp;
			productName = blinkapp;
			productReference = 1FFAEB2E1FA756E000FB3BA2 /* blinkapp.app */;
			productType = "com.apple.product-type.application";
		};
		1FFAEB411FA756E000FB3BA2 /* blinkappTests */ = {
			isa = PBXNativeTarget;
			buildConfigurationList = 1FFAEB591FA756E100FB3BA2 /* Build configuration list for PBXNativeTarget "blinkappTests" */;
			buildPhases = (
				1FFAEB3E1FA756E000FB3BA2 /* Sources */,
				1FFAEB3F1FA756E000FB3BA2 /* Frameworks */,
				1FFAEB401FA756E000FB3BA2 /* Resources */,
			);
			buildRules = (
			);
			dependencies = (
				1FFAEB441FA756E000FB3BA2 /* PBXTargetDependency */,
			);
			name = blinkappTests;
			productName = blinkappTests;
			productReference = 1FFAEB421FA756E000FB3BA2 /* blinkappTests.xctest */;
			productType = "com.apple.product-type.bundle.unit-test";
		};
		1FFAEB4C1FA756E100FB3BA2 /* blinkappUITests */ = {
			isa = PBXNativeTarget;
			buildConfigurationList = 1FFAEB5C1FA756E100FB3BA2 /* Build configuration list for PBXNativeTarget "blinkappUITests" */;
			buildPhases = (
				1FFAEB491FA756E100FB3BA2 /* Sources */,
				1FFAEB4A1FA756E100FB3BA2 /* Frameworks */,
				1FFAEB4B1FA756E100FB3BA2 /* Resources */,
			);
			buildRules = (
			);
			dependencies = (
				1FFAEB4F1FA756E100FB3BA2 /* PBXTargetDependency */,
			);
			name = blinkappUITests;
			productName = blinkappUITests;
			productReference = 1FFAEB4D1FA756E100FB3BA2 /* blinkappUITests.xctest */;
			productType = "com.apple.product-type.bundle.ui-testing";
		};
/* End PBXNativeTarget section */

/* Begin PBXProject section */
		1FFAEB261FA756E000FB3BA2 /* Project object */ = {
			isa = PBXProject;
			attributes = {
				LastSwiftUpdateCheck = 0900;
				LastUpgradeCheck = 0900;
				ORGANIZATIONNAME = PilGwonKim;
				TargetAttributes = {
					1FFAEB2D1FA756E000FB3BA2 = {
						CreatedOnToolsVersion = 9.0.1;
						ProvisioningStyle = Automatic;
					};
					1FFAEB411FA756E000FB3BA2 = {
						CreatedOnToolsVersion = 9.0.1;
						ProvisioningStyle = Automatic;
						TestTargetID = 1FFAEB2D1FA756E000FB3BA2;
					};
					1FFAEB4C1FA756E100FB3BA2 = {
						CreatedOnToolsVersion = 9.0.1;
						ProvisioningStyle = Automatic;
						TestTargetID = 1FFAEB2D1FA756E000FB3BA2;
					};
				};
			};
			buildConfigurationList = 1FFAEB291FA756E000FB3BA2 /* Build configuration list for PBXProject "blinkapp" */;
			compatibilityVersion = "Xcode 8.0";
			developmentRegion = en;
			hasScannedForEncodings = 0;
			knownRegions = (
				en,
				Base,
			);
			mainGroup = 1FFAEB251FA756E000FB3BA2;
			productRefGroup = 1FFAEB2F1FA756E000FB3BA2 /* Products */;
			projectDirPath = "";
			projectRoot = "";
			targets = (
				1FFAEB2D1FA756E000FB3BA2 /* blinkapp */,
				1FFAEB411FA756E000FB3BA2 /* blinkappTests */,
				1FFAEB4C1FA756E100FB3BA2 /* blinkappUITests */,
			);
		};
/* End PBXProject section */

/* Begin PBXResourcesBuildPhase section */
		1FFAEB2C1FA756E000FB3BA2 /* Resources */ = {
			isa = PBXResourcesBuildPhase;
			buildActionMask = 2147483647;
			files = (
				1FFAEB3C1FA756E000FB3BA2 /* LaunchScreen.storyboard in Resources */,
				1FFAEB391FA756E000FB3BA2 /* Assets.xcassets in Resources */,
				1FFAEB371FA756E000FB3BA2 /* Main.storyboard in Resources */,
			);
			runOnlyForDeploymentPostprocessing = 0;
		};
		1FFAEB401FA756E000FB3BA2 /* Resources */ = {
			isa = PBXResourcesBuildPhase;
			buildActionMask = 2147483647;
			files = (
			);
			runOnlyForDeploymentPostprocessing = 0;
		};
		1FFAEB4B1FA756E100FB3BA2 /* Resources */ = {
			isa = PBXResourcesBuildPhase;
			buildActionMask = 2147483647;
			files = (
			);
			runOnlyForDeploymentPostprocessing = 0;
		};
/* End PBXResourcesBuildPhase section */

/* Begin PBXSourcesBuildPhase section */
		1FFAEB2A1FA756E000FB3BA2 /* Sources */ = {
			isa = PBXSourcesBuildPhase;
			buildActionMask = 2147483647;
			files = (
				1FFAEB321FA756E000FB3BA2 /* AppDelegate.swift in Sources */,
				1FFAEB641FA7602900FB3BA2 /* GameResultViewController.swift in Sources */,
				1FFAEB621FA7601100FB3BA2 /* GamingViewController.swift in Sources */,
				1FFAEB601FA7600A00FB3BA2 /* MainViewController.swift in Sources */,
			);
			runOnlyForDeploymentPostprocessing = 0;
		};
		1FFAEB3E1FA756E000FB3BA2 /* Sources */ = {
			isa = PBXSourcesBuildPhase;
			buildActionMask = 2147483647;
			files = (
				1FFAEB471FA756E000FB3BA2 /* blinkappTests.swift in Sources */,
			);
			runOnlyForDeploymentPostprocessing = 0;
		};
		1FFAEB491FA756E100FB3BA2 /* Sources */ = {
			isa = PBXSourcesBuildPhase;
			buildActionMask = 2147483647;
			files = (
				1FFAEB521FA756E100FB3BA2 /* blinkappUITests.swift in Sources */,
			);
			runOnlyForDeploymentPostprocessing = 0;
		};
/* End PBXSourcesBuildPhase section */

/* Begin PBXTargetDependency section */
		1FFAEB441FA756E000FB3BA2 /* PBXTargetDependency */ = {
			isa = PBXTargetDependency;
			target = 1FFAEB2D1FA756E000FB3BA2 /* blinkapp */;
			targetProxy = 1FFAEB431FA756E000FB3BA2 /* PBXContainerItemProxy */;
		};
		1FFAEB4F1FA756E100FB3BA2 /* PBXTargetDependency */ = {
			isa = PBXTargetDependency;
			target = 1FFAEB2D1FA756E000FB3BA2 /* blinkapp */;
			targetProxy = 1FFAEB4E1FA756E100FB3BA2 /* PBXContainerItemProxy */;
		};
/* End PBXTargetDependency section */

/* Begin PBXVariantGroup section */
		1FFAEB351FA756E000FB3BA2 /* Main.storyboard */ = {
			isa = PBXVariantGroup;
			children = (
				1FFAEB361FA756E000FB3BA2 /* Base */,
			);
			name = Main.storyboard;
			sourceTree = "<group>";
		};
		1FFAEB3A1FA756E000FB3BA2 /* LaunchScreen.storyboard */ = {
			isa = PBXVariantGroup;
			children = (
				1FFAEB3B1FA756E000FB3BA2 /* Base */,
			);
			name = LaunchScreen.storyboard;
			sourceTree = "<group>";
		};
/* End PBXVariantGroup section */

/* Begin XCBuildConfiguration section */
		1FFAEB541FA756E100FB3BA2 /* Debug */ = {
			isa = XCBuildConfiguration;
			buildSettings = {
				ALWAYS_SEARCH_USER_PATHS = NO;
				CLANG_ANALYZER_NONNULL = YES;
				CLANG_ANALYZER_NUMBER_OBJECT_CONVERSION = YES_AGGRESSIVE;
				CLANG_CXX_LANGUAGE_STANDARD = "gnu++14";
				CLANG_CXX_LIBRARY = "libc++";
				CLANG_ENABLE_MODULES = YES;
				CLANG_ENABLE_OBJC_ARC = YES;
				CLANG_WARN_BLOCK_CAPTURE_AUTORELEASING = YES;
				CLANG_WARN_BOOL_CONVERSION = YES;
				CLANG_WARN_COMMA = YES;
				CLANG_WARN_CONSTANT_CONVERSION = YES;
				CLANG_WARN_DIRECT_OBJC_ISA_USAGE = YES_ERROR;
				CLANG_WARN_DOCUMENTATION_COMMENTS = YES;
				CLANG_WARN_EMPTY_BODY = YES;
				CLANG_WARN_ENUM_CONVERSION = YES;
				CLANG_WARN_INFINITE_RECURSION = YES;
				CLANG_WARN_INT_CONVERSION = YES;
				CLANG_WARN_NON_LITERAL_NULL_CONVERSION = YES;
				CLANG_WARN_OBJC_LITERAL_CONVERSION = YES;
				CLANG_WARN_OBJC_ROOT_CLASS = YES_ERROR;
				CLANG_WARN_RANGE_LOOP_ANALYSIS = YES;
				CLANG_WARN_STRICT_PROTOTYPES = YES;
				CLANG_WARN_SUSPICIOUS_MOVE = YES;
				CLANG_WARN_UNGUARDED_AVAILABILITY = YES_AGGRESSIVE;
				CLANG_WARN_UNREACHABLE_CODE = YES;
				CLANG_WARN__DUPLICATE_METHOD_MATCH = YES;
				CODE_SIGN_IDENTITY = "iPhone Developer";
				COPY_PHASE_STRIP = NO;
				DEBUG_INFORMATION_FORMAT = dwarf;
				ENABLE_STRICT_OBJC_MSGSEND = YES;
				ENABLE_TESTABILITY = YES;
				GCC_C_LANGUAGE_STANDARD = gnu11;
				GCC_DYNAMIC_NO_PIC = NO;
				GCC_NO_COMMON_BLOCKS = YES;
				GCC_OPTIMIZATION_LEVEL = 0;
				GCC_PREPROCESSOR_DEFINITIONS = (
					"DEBUG=1",
					"$(inherited)",
				);
				GCC_WARN_64_TO_32_BIT_CONVERSION = YES;
				GCC_WARN_ABOUT_RETURN_TYPE = YES_ERROR;
				GCC_WARN_UNDECLARED_SELECTOR = YES;
				GCC_WARN_UNINITIALIZED_AUTOS = YES_AGGRESSIVE;
				GCC_WARN_UNUSED_FUNCTION = YES;
				GCC_WARN_UNUSED_VARIABLE = YES;
				IPHONEOS_DEPLOYMENT_TARGET = 11.0;
				MTL_ENABLE_DEBUG_INFO = YES;
				ONLY_ACTIVE_ARCH = YES;
				SDKROOT = iphoneos;
				SWIFT_ACTIVE_COMPILATION_CONDITIONS = DEBUG;
				SWIFT_OPTIMIZATION_LEVEL = "-Onone";
			};
			name = Debug;
		};
		1FFAEB551FA756E100FB3BA2 /* Release */ = {
			isa = XCBuildConfiguration;
			buildSettings = {
				ALWAYS_SEARCH_USER_PATHS = NO;
				CLANG_ANALYZER_NONNULL = YES;
				CLANG_ANALYZER_NUMBER_OBJECT_CONVERSION = YES_AGGRESSIVE;
				CLANG_CXX_LANGUAGE_STANDARD = "gnu++14";
				CLANG_CXX_LIBRARY = "libc++";
				CLANG_ENABLE_MODULES = YES;
				CLANG_ENABLE_OBJC_ARC = YES;
				CLANG_WARN_BLOCK_CAPTURE_AUTORELEASING = YES;
				CLANG_WARN_BOOL_CONVERSION = YES;
				CLANG_WARN_COMMA = YES;
				CLANG_WARN_CONSTANT_CONVERSION = YES;
				CLANG_WARN_DIRECT_OBJC_ISA_USAGE = YES_ERROR;
				CLANG_WARN_DOCUMENTATION_COMMENTS = YES;
				CLANG_WARN_EMPTY_BODY = YES;
				CLANG_WARN_ENUM_CONVERSION = YES;
				CLANG_WARN_INFINITE_RECURSION = YES;
				CLANG_WARN_INT_CONVERSION = YES;
				CLANG_WARN_NON_LITERAL_NULL_CONVERSION = YES;
				CLANG_WARN_OBJC_LITERAL_CONVERSION = YES;
				CLANG_WARN_OBJC_ROOT_CLASS = YES_ERROR;
				CLANG_WARN_RANGE_LOOP_ANALYSIS = YES;
				CLANG_WARN_STRICT_PROTOTYPES = YES;
				CLANG_WARN_SUSPICIOUS_MOVE = YES;
				CLANG_WARN_UNGUARDED_AVAILABILITY = YES_AGGRESSIVE;
				CLANG_WARN_UNREACHABLE_CODE = YES;
				CLANG_WARN__DUPLICATE_METHOD_MATCH = YES;
				CODE_SIGN_IDENTITY = "iPhone Developer";
				COPY_PHASE_STRIP = NO;
				DEBUG_INFORMATION_FORMAT = "dwarf-with-dsym";
				ENABLE_NS_ASSERTIONS = NO;
				ENABLE_STRICT_OBJC_MSGSEND = YES;
				GCC_C_LANGUAGE_STANDARD = gnu11;
				GCC_NO_COMMON_BLOCKS = YES;
				GCC_WARN_64_TO_32_BIT_CONVERSION = YES;
				GCC_WARN_ABOUT_RETURN_TYPE = YES_ERROR;
				GCC_WARN_UNDECLARED_SELECTOR = YES;
				GCC_WARN_UNINITIALIZED_AUTOS = YES_AGGRESSIVE;
				GCC_WARN_UNUSED_FUNCTION = YES;
				GCC_WARN_UNUSED_VARIABLE = YES;
				IPHONEOS_DEPLOYMENT_TARGET = 11.0;
				MTL_ENABLE_DEBUG_INFO = NO;
				SDKROOT = iphoneos;
				SWIFT_OPTIMIZATION_LEVEL = "-Owholemodule";
				VALIDATE_PRODUCT = YES;
			};
			name = Release;
		};
		1FFAEB571FA756E100FB3BA2 /* Debug */ = {
			isa = XCBuildConfiguration;
			buildSettings = {
				ASSETCATALOG_COMPILER_APPICON_NAME = AppIcon;
				CODE_SIGN_STYLE = Automatic;
				DEVELOPMENT_TEAM = 68L248M44U;
				INFOPLIST_FILE = blinkapp/Info.plist;
				LD_RUNPATH_SEARCH_PATHS = "$(inherited) @executable_path/Frameworks";
				PRODUCT_BUNDLE_IDENTIFIER = com.feelg.blinkapp;
				PRODUCT_NAME = "$(TARGET_NAME)";
				SWIFT_VERSION = 4.0;
				TARGETED_DEVICE_FAMILY = "1,2";
			};
			name = Debug;
		};
		1FFAEB581FA756E100FB3BA2 /* Release */ = {
			isa = XCBuildConfiguration;
			buildSettings = {
				ASSETCATALOG_COMPILER_APPICON_NAME = AppIcon;
				CODE_SIGN_STYLE = Automatic;
				DEVELOPMENT_TEAM = 68L248M44U;
				INFOPLIST_FILE = blinkapp/Info.plist;
				LD_RUNPATH_SEARCH_PATHS = "$(inherited) @executable_path/Frameworks";
				PRODUCT_BUNDLE_IDENTIFIER = com.feelg.blinkapp;
				PRODUCT_NAME = "$(TARGET_NAME)";
				SWIFT_VERSION = 4.0;
				TARGETED_DEVICE_FAMILY = "1,2";
			};
			name = Release;
		};
		1FFAEB5A1FA756E100FB3BA2 /* Debug */ = {
			isa = XCBuildConfiguration;
			buildSettings = {
				ALWAYS_EMBED_SWIFT_STANDARD_LIBRARIES = YES;
				BUNDLE_LOADER = "$(TEST_HOST)";
				CODE_SIGN_STYLE = Automatic;
				DEVELOPMENT_TEAM = 68L248M44U;
				INFOPLIST_FILE = blinkappTests/Info.plist;
				LD_RUNPATH_SEARCH_PATHS = "$(inherited) @executable_path/Frameworks @loader_path/Frameworks";
				PRODUCT_BUNDLE_IDENTIFIER = com.feelg.blinkappTests;
				PRODUCT_NAME = "$(TARGET_NAME)";
				SWIFT_VERSION = 4.0;
				TARGETED_DEVICE_FAMILY = "1,2";
				TEST_HOST = "$(BUILT_PRODUCTS_DIR)/blinkapp.app/blinkapp";
			};
			name = Debug;
		};
		1FFAEB5B1FA756E100FB3BA2 /* Release */ = {
			isa = XCBuildConfiguration;
			buildSettings = {
				ALWAYS_EMBED_SWIFT_STANDARD_LIBRARIES = YES;
				BUNDLE_LOADER = "$(TEST_HOST)";
				CODE_SIGN_STYLE = Automatic;
				DEVELOPMENT_TEAM = 68L248M44U;
				INFOPLIST_FILE = blinkappTests/Info.plist;
				LD_RUNPATH_SEARCH_PATHS = "$(inherited) @executable_path/Frameworks @loader_path/Frameworks";
				PRODUCT_BUNDLE_IDENTIFIER = com.feelg.blinkappTests;
				PRODUCT_NAME = "$(TARGET_NAME)";
				SWIFT_VERSION = 4.0;
				TARGETED_DEVICE_FAMILY = "1,2";
				TEST_HOST = "$(BUILT_PRODUCTS_DIR)/blinkapp.app/blinkapp";
			};
			name = Release;
		};
		1FFAEB5D1FA756E100FB3BA2 /* Debug */ = {
			isa = XCBuildConfiguration;
			buildSettings = {
				ALWAYS_EMBED_SWIFT_STANDARD_LIBRARIES = YES;
				CODE_SIGN_STYLE = Automatic;
				DEVELOPMENT_TEAM = 68L248M44U;
				INFOPLIST_FILE = blinkappUITests/Info.plist;
				LD_RUNPATH_SEARCH_PATHS = "$(inherited) @executable_path/Frameworks @loader_path/Frameworks";
				PRODUCT_BUNDLE_IDENTIFIER = com.feelg.blinkappUITests;
				PRODUCT_NAME = "$(TARGET_NAME)";
				SWIFT_VERSION = 4.0;
				TARGETED_DEVICE_FAMILY = "1,2";
				TEST_TARGET_NAME = blinkapp;
			};
			name = Debug;
		};
		1FFAEB5E1FA756E100FB3BA2 /* Release */ = {
			isa = XCBuildConfiguration;
			buildSettings = {
				ALWAYS_EMBED_SWIFT_STANDARD_LIBRARIES = YES;
				CODE_SIGN_STYLE = Automatic;
				DEVELOPMENT_TEAM = 68L248M44U;
				INFOPLIST_FILE = blinkappUITests/Info.plist;
				LD_RUNPATH_SEARCH_PATHS = "$(inherited) @executable_path/Frameworks @loader_path/Frameworks";
				PRODUCT_BUNDLE_IDENTIFIER = com.feelg.blinkappUITests;
				PRODUCT_NAME = "$(TARGET_NAME)";
				SWIFT_VERSION = 4.0;
				TARGETED_DEVICE_FAMILY = "1,2";
				TEST_TARGET_NAME = blinkapp;
			};
			name = Release;
		};
/* End XCBuildConfiguration section */

/* Begin XCConfigurationList section */
		1FFAEB291FA756E000FB3BA2 /* Build configuration list for PBXProject "blinkapp" */ = {
			isa = XCConfigurationList;
			buildConfigurations = (
				1FFAEB541FA756E100FB3BA2 /* Debug */,
				1FFAEB551FA756E100FB3BA2 /* Release */,
			);
			defaultConfigurationIsVisible = 0;
			defaultConfigurationName = Release;
		};
		1FFAEB561FA756E100FB3BA2 /* Build configuration list for PBXNativeTarget "blinkapp" */ = {
			isa = XCConfigurationList;
			buildConfigurations = (
				1FFAEB571FA756E100FB3BA2 /* Debug */,
				1FFAEB581FA756E100FB3BA2 /* Release */,
			);
			defaultConfigurationIsVisible = 0;
			defaultConfigurationName = Release;
		};
		1FFAEB591FA756E100FB3BA2 /* Build configuration list for PBXNativeTarget "blinkappTests" */ = {
			isa = XCConfigurationList;
			buildConfigurations = (
				1FFAEB5A1FA756E100FB3BA2 /* Debug */,
				1FFAEB5B1FA756E100FB3BA2 /* Release */,
			);
			defaultConfigurationIsVisible = 0;
			defaultConfigurationName = Release;
		};
		1FFAEB5C1FA756E100FB3BA2 /* Build configuration list for PBXNativeTarget "blinkappUITests" */ = {
			isa = XCConfigurationList;
			buildConfigurations = (
				1FFAEB5D1FA756E100FB3BA2 /* Debug */,
				1FFAEB5E1FA756E100FB3BA2 /* Release */,
			);
			defaultConfigurationIsVisible = 0;
			defaultConfigurationName = Release;
		};
/* End XCConfigurationList section */
	};
	rootObject = 1FFAEB261FA756E000FB3BA2 /* Project object */;
}
